// !$*UTF8*$!
{
	archiveVersion = 1;
	classes = {
	};
	objectVersion = 46;
	objects = {

/* Begin PBXBuildFile section */
		8218E06219ABA7D400A2FE9A /* Bolts.framework in Frameworks */ = {isa = PBXBuildFile; fileRef = 8218E06019ABA7D400A2FE9A /* Bolts.framework */; };
		8218E06319ABA7D400A2FE9A /* Parse.framework in Frameworks */ = {isa = PBXBuildFile; fileRef = 8218E06119ABA7D400A2FE9A /* Parse.framework */; };
		8218E06519ABA7FC00A2FE9A /* Accounts.framework in Frameworks */ = {isa = PBXBuildFile; fileRef = 8218E06419ABA7FC00A2FE9A /* Accounts.framework */; };
		8218E06719ABA80200A2FE9A /* AudioToolbox.framework in Frameworks */ = {isa = PBXBuildFile; fileRef = 8218E06619ABA80200A2FE9A /* AudioToolbox.framework */; };
		8218E06919ABA80700A2FE9A /* CFNetwork.framework in Frameworks */ = {isa = PBXBuildFile; fileRef = 8218E06819ABA80700A2FE9A /* CFNetwork.framework */; };
		8218E06B19ABA81100A2FE9A /* CoreLocation.framework in Frameworks */ = {isa = PBXBuildFile; fileRef = 8218E06A19ABA81100A2FE9A /* CoreLocation.framework */; };
		8218E06D19ABA81900A2FE9A /* libz.dylib in Frameworks */ = {isa = PBXBuildFile; fileRef = 8218E06C19ABA81900A2FE9A /* libz.dylib */; };
		8218E06F19ABA81F00A2FE9A /* MobileCoreServices.framework in Frameworks */ = {isa = PBXBuildFile; fileRef = 8218E06E19ABA81F00A2FE9A /* MobileCoreServices.framework */; };
		8218E07119ABA82A00A2FE9A /* QuartzCore.framework in Frameworks */ = {isa = PBXBuildFile; fileRef = 8218E07019ABA82A00A2FE9A /* QuartzCore.framework */; };
		8218E07319ABA82F00A2FE9A /* Security.framework in Frameworks */ = {isa = PBXBuildFile; fileRef = 8218E07219ABA82F00A2FE9A /* Security.framework */; };
		8218E07519ABA83300A2FE9A /* Social.framework in Frameworks */ = {isa = PBXBuildFile; fileRef = 8218E07419ABA83300A2FE9A /* Social.framework */; };
		8218E07719ABA83700A2FE9A /* StoreKit.framework in Frameworks */ = {isa = PBXBuildFile; fileRef = 8218E07619ABA83700A2FE9A /* StoreKit.framework */; };
		8218E07919ABA84100A2FE9A /* SystemConfiguration.framework in Frameworks */ = {isa = PBXBuildFile; fileRef = 8218E07819ABA84100A2FE9A /* SystemConfiguration.framework */; };
		8218E07D19ABAB9000A2FE9A /* FacebookSDK.framework in Frameworks */ = {isa = PBXBuildFile; fileRef = 8218E07C19ABAB9000A2FE9A /* FacebookSDK.framework */; };
		8218E07F19ABAD0600A2FE9A /* ParseFacebookUtils.framework in Frameworks */ = {isa = PBXBuildFile; fileRef = 8218E07E19ABAD0600A2FE9A /* ParseFacebookUtils.framework */; };
		822E2BBD19A50BB800656EAA /* CreateStyleViewController.m in Sources */ = {isa = PBXBuildFile; fileRef = 822E2BBB19A50BB800656EAA /* CreateStyleViewController.m */; };
		822E2BBE19A50BB800656EAA /* PictureMatchViewController.xib in Resources */ = {isa = PBXBuildFile; fileRef = 822E2BBC19A50BB800656EAA /* PictureMatchViewController.xib */; };
		823C4E6819B172FD00583E69 /* RateStyleViewController.m in Sources */ = {isa = PBXBuildFile; fileRef = 823C4E6719B172FD00583E69 /* RateStyleViewController.m */; };
		8274B7E019A12F750089261F /* samplePic.jpg in Resources */ = {isa = PBXBuildFile; fileRef = 8274B7DF19A12F750089261F /* samplePic.jpg */; };
		82A997FA19ABB2BB00A862D8 /* LandViewController.m in Sources */ = {isa = PBXBuildFile; fileRef = 82A997F919ABB2BB00A862D8 /* LandViewController.m */; };
		82AFC03919A0EAF0001BD5D2 /* Foundation.framework in Frameworks */ = {isa = PBXBuildFile; fileRef = 82AFC03819A0EAF0001BD5D2 /* Foundation.framework */; };
		82AFC03B19A0EAF0001BD5D2 /* CoreGraphics.framework in Frameworks */ = {isa = PBXBuildFile; fileRef = 82AFC03A19A0EAF0001BD5D2 /* CoreGraphics.framework */; };
		82AFC03D19A0EAF0001BD5D2 /* UIKit.framework in Frameworks */ = {isa = PBXBuildFile; fileRef = 82AFC03C19A0EAF0001BD5D2 /* UIKit.framework */; };
		82AFC04319A0EAF0001BD5D2 /* InfoPlist.strings in Resources */ = {isa = PBXBuildFile; fileRef = 82AFC04119A0EAF0001BD5D2 /* InfoPlist.strings */; };
		82AFC04519A0EAF0001BD5D2 /* main.m in Sources */ = {isa = PBXBuildFile; fileRef = 82AFC04419A0EAF0001BD5D2 /* main.m */; };
		82AFC04919A0EAF0001BD5D2 /* AppDelegate.m in Sources */ = {isa = PBXBuildFile; fileRef = 82AFC04819A0EAF0001BD5D2 /* AppDelegate.m */; };
		82AFC04C19A0EAF0001BD5D2 /* Main.storyboard in Resources */ = {isa = PBXBuildFile; fileRef = 82AFC04A19A0EAF0001BD5D2 /* Main.storyboard */; };
		82AFC04F19A0EAF0001BD5D2 /* ViewController.m in Sources */ = {isa = PBXBuildFile; fileRef = 82AFC04E19A0EAF0001BD5D2 /* ViewController.m */; };
		82AFC05119A0EAF0001BD5D2 /* Images.xcassets in Resources */ = {isa = PBXBuildFile; fileRef = 82AFC05019A0EAF0001BD5D2 /* Images.xcassets */; };
		82AFC05819A0EAF0001BD5D2 /* XCTest.framework in Frameworks */ = {isa = PBXBuildFile; fileRef = 82AFC05719A0EAF0001BD5D2 /* XCTest.framework */; };
		82AFC05919A0EAF0001BD5D2 /* Foundation.framework in Frameworks */ = {isa = PBXBuildFile; fileRef = 82AFC03819A0EAF0001BD5D2 /* Foundation.framework */; };
		82AFC05A19A0EAF0001BD5D2 /* UIKit.framework in Frameworks */ = {isa = PBXBuildFile; fileRef = 82AFC03C19A0EAF0001BD5D2 /* UIKit.framework */; };
		82AFC06219A0EAF0001BD5D2 /* InfoPlist.strings in Resources */ = {isa = PBXBuildFile; fileRef = 82AFC06019A0EAF0001BD5D2 /* InfoPlist.strings */; };
		82AFC06419A0EAF0001BD5D2 /* StylezzzTests.m in Sources */ = {isa = PBXBuildFile; fileRef = 82AFC06319A0EAF0001BD5D2 /* StylezzzTests.m */; };
/* End PBXBuildFile section */

/* Begin PBXContainerItemProxy section */
		82AFC05B19A0EAF0001BD5D2 /* PBXContainerItemProxy */ = {
			isa = PBXContainerItemProxy;
			containerPortal = 82AFC02D19A0EAF0001BD5D2 /* Project object */;
			proxyType = 1;
			remoteGlobalIDString = 82AFC03419A0EAF0001BD5D2;
			remoteInfo = Stylezzz;
		};
/* End PBXContainerItemProxy section */

/* Begin PBXFileReference section */
		8218E06019ABA7D400A2FE9A /* Bolts.framework */ = {isa = PBXFileReference; lastKnownFileType = wrapper.framework; path = Bolts.framework; sourceTree = "<group>"; };
		8218E06119ABA7D400A2FE9A /* Parse.framework */ = {isa = PBXFileReference; lastKnownFileType = wrapper.framework; path = Parse.framework; sourceTree = "<group>"; };
		8218E06419ABA7FC00A2FE9A /* Accounts.framework */ = {isa = PBXFileReference; lastKnownFileType = wrapper.framework; name = Accounts.framework; path = System/Library/Frameworks/Accounts.framework; sourceTree = SDKROOT; };
		8218E06619ABA80200A2FE9A /* AudioToolbox.framework */ = {isa = PBXFileReference; lastKnownFileType = wrapper.framework; name = AudioToolbox.framework; path = System/Library/Frameworks/AudioToolbox.framework; sourceTree = SDKROOT; };
		8218E06819ABA80700A2FE9A /* CFNetwork.framework */ = {isa = PBXFileReference; lastKnownFileType = wrapper.framework; name = CFNetwork.framework; path = System/Library/Frameworks/CFNetwork.framework; sourceTree = SDKROOT; };
		8218E06A19ABA81100A2FE9A /* CoreLocation.framework */ = {isa = PBXFileReference; lastKnownFileType = wrapper.framework; name = CoreLocation.framework; path = System/Library/Frameworks/CoreLocation.framework; sourceTree = SDKROOT; };
		8218E06C19ABA81900A2FE9A /* libz.dylib */ = {isa = PBXFileReference; lastKnownFileType = "compiled.mach-o.dylib"; name = libz.dylib; path = usr/lib/libz.dylib; sourceTree = SDKROOT; };
		8218E06E19ABA81F00A2FE9A /* MobileCoreServices.framework */ = {isa = PBXFileReference; lastKnownFileType = wrapper.framework; name = MobileCoreServices.framework; path = System/Library/Frameworks/MobileCoreServices.framework; sourceTree = SDKROOT; };
		8218E07019ABA82A00A2FE9A /* QuartzCore.framework */ = {isa = PBXFileReference; lastKnownFileType = wrapper.framework; name = QuartzCore.framework; path = System/Library/Frameworks/QuartzCore.framework; sourceTree = SDKROOT; };
		8218E07219ABA82F00A2FE9A /* Security.framework */ = {isa = PBXFileReference; lastKnownFileType = wrapper.framework; name = Security.framework; path = System/Library/Frameworks/Security.framework; sourceTree = SDKROOT; };
		8218E07419ABA83300A2FE9A /* Social.framework */ = {isa = PBXFileReference; lastKnownFileType = wrapper.framework; name = Social.framework; path = System/Library/Frameworks/Social.framework; sourceTree = SDKROOT; };
		8218E07619ABA83700A2FE9A /* StoreKit.framework */ = {isa = PBXFileReference; lastKnownFileType = wrapper.framework; name = StoreKit.framework; path = System/Library/Frameworks/StoreKit.framework; sourceTree = SDKROOT; };
		8218E07819ABA84100A2FE9A /* SystemConfiguration.framework */ = {isa = PBXFileReference; lastKnownFileType = wrapper.framework; name = SystemConfiguration.framework; path = System/Library/Frameworks/SystemConfiguration.framework; sourceTree = SDKROOT; };
		8218E07C19ABAB9000A2FE9A /* FacebookSDK.framework */ = {isa = PBXFileReference; lastKnownFileType = wrapper.framework; name = FacebookSDK.framework; path = ../../../FacebookSDK/FacebookSDK.framework; sourceTree = "<group>"; };
		8218E07E19ABAD0600A2FE9A /* ParseFacebookUtils.framework */ = {isa = PBXFileReference; lastKnownFileType = wrapper.framework; path = ParseFacebookUtils.framework; sourceTree = "<group>"; };
		822E2BBA19A50BB800656EAA /* CreateStyleViewController.h */ = {isa = PBXFileReference; fileEncoding = 4; lastKnownFileType = sourcecode.c.h; path = CreateStyleViewController.h; sourceTree = "<group>"; };
		822E2BBB19A50BB800656EAA /* CreateStyleViewController.m */ = {isa = PBXFileReference; fileEncoding = 4; lastKnownFileType = sourcecode.c.objc; path = CreateStyleViewController.m; sourceTree = "<group>"; };
		822E2BBC19A50BB800656EAA /* PictureMatchViewController.xib */ = {isa = PBXFileReference; fileEncoding = 4; lastKnownFileType = file.xib; path = PictureMatchViewController.xib; sourceTree = "<group>"; };
		823C4E6619B172FD00583E69 /* RateStyleViewController.h */ = {isa = PBXFileReference; fileEncoding = 4; lastKnownFileType = sourcecode.c.h; path = RateStyleViewController.h; sourceTree = "<group>"; };
		823C4E6719B172FD00583E69 /* RateStyleViewController.m */ = {isa = PBXFileReference; fileEncoding = 4; lastKnownFileType = sourcecode.c.objc; path = RateStyleViewController.m; sourceTree = "<group>"; };
		8274B7DF19A12F750089261F /* samplePic.jpg */ = {isa = PBXFileReference; lastKnownFileType = image.jpeg; path = samplePic.jpg; sourceTree = "<group>"; };
		82A997F819ABB2BB00A862D8 /* LandViewController.h */ = {isa = PBXFileReference; fileEncoding = 4; lastKnownFileType = sourcecode.c.h; path = LandViewController.h; sourceTree = "<group>"; };
		82A997F919ABB2BB00A862D8 /* LandViewController.m */ = {isa = PBXFileReference; fileEncoding = 4; lastKnownFileType = sourcecode.c.objc; path = LandViewController.m; sourceTree = "<group>"; };
		82AFC03519A0EAF0001BD5D2 /* Stylezzz.app */ = {isa = PBXFileReference; explicitFileType = wrapper.application; includeInIndex = 0; path = Stylezzz.app; sourceTree = BUILT_PRODUCTS_DIR; };
		82AFC03819A0EAF0001BD5D2 /* Foundation.framework */ = {isa = PBXFileReference; lastKnownFileType = wrapper.framework; name = Foundation.framework; path = System/Library/Frameworks/Foundation.framework; sourceTree = SDKROOT; };
		82AFC03A19A0EAF0001BD5D2 /* CoreGraphics.framework */ = {isa = PBXFileReference; lastKnownFileType = wrapper.framework; name = CoreGraphics.framework; path = System/Library/Frameworks/CoreGraphics.framework; sourceTree = SDKROOT; };
		82AFC03C19A0EAF0001BD5D2 /* UIKit.framework */ = {isa = PBXFileReference; lastKnownFileType = wrapper.framework; name = UIKit.framework; path = System/Library/Frameworks/UIKit.framework; sourceTree = SDKROOT; };
		82AFC04019A0EAF0001BD5D2 /* Stylezzz-Info.plist */ = {isa = PBXFileReference; lastKnownFileType = text.plist.xml; path = "Stylezzz-Info.plist"; sourceTree = "<group>"; };
		82AFC04219A0EAF0001BD5D2 /* en */ = {isa = PBXFileReference; lastKnownFileType = text.plist.strings; name = en; path = en.lproj/InfoPlist.strings; sourceTree = "<group>"; };
		82AFC04419A0EAF0001BD5D2 /* main.m */ = {isa = PBXFileReference; lastKnownFileType = sourcecode.c.objc; path = main.m; sourceTree = "<group>"; };
		82AFC04619A0EAF0001BD5D2 /* Stylezzz-Prefix.pch */ = {isa = PBXFileReference; lastKnownFileType = sourcecode.c.h; path = "Stylezzz-Prefix.pch"; sourceTree = "<group>"; };
		82AFC04719A0EAF0001BD5D2 /* AppDelegate.h */ = {isa = PBXFileReference; lastKnownFileType = sourcecode.c.h; path = AppDelegate.h; sourceTree = "<group>"; };
		82AFC04819A0EAF0001BD5D2 /* AppDelegate.m */ = {isa = PBXFileReference; lastKnownFileType = sourcecode.c.objc; path = AppDelegate.m; sourceTree = "<group>"; };
		82AFC04B19A0EAF0001BD5D2 /* Base */ = {isa = PBXFileReference; lastKnownFileType = file.storyboard; name = Base; path = Base.lproj/Main.storyboard; sourceTree = "<group>"; };
		82AFC04D19A0EAF0001BD5D2 /* ViewController.h */ = {isa = PBXFileReference; lastKnownFileType = sourcecode.c.h; path = ViewController.h; sourceTree = "<group>"; };
		82AFC04E19A0EAF0001BD5D2 /* ViewController.m */ = {isa = PBXFileReference; lastKnownFileType = sourcecode.c.objc; path = ViewController.m; sourceTree = "<group>"; };
		82AFC05019A0EAF0001BD5D2 /* Images.xcassets */ = {isa = PBXFileReference; lastKnownFileType = folder.assetcatalog; path = Images.xcassets; sourceTree = "<group>"; };
		82AFC05619A0EAF0001BD5D2 /* StylezzzTests.xctest */ = {isa = PBXFileReference; explicitFileType = wrapper.cfbundle; includeInIndex = 0; path = StylezzzTests.xctest; sourceTree = BUILT_PRODUCTS_DIR; };
		82AFC05719A0EAF0001BD5D2 /* XCTest.framework */ = {isa = PBXFileReference; lastKnownFileType = wrapper.framework; name = XCTest.framework; path = Library/Frameworks/XCTest.framework; sourceTree = DEVELOPER_DIR; };
		82AFC05F19A0EAF0001BD5D2 /* StylezzzTests-Info.plist */ = {isa = PBXFileReference; lastKnownFileType = text.plist.xml; path = "StylezzzTests-Info.plist"; sourceTree = "<group>"; };
		82AFC06119A0EAF0001BD5D2 /* en */ = {isa = PBXFileReference; lastKnownFileType = text.plist.strings; name = en; path = en.lproj/InfoPlist.strings; sourceTree = "<group>"; };
		82AFC06319A0EAF0001BD5D2 /* StylezzzTests.m */ = {isa = PBXFileReference; lastKnownFileType = sourcecode.c.objc; path = StylezzzTests.m; sourceTree = "<group>"; };
/* End PBXFileReference section */

/* Begin PBXFrameworksBuildPhase section */
		82AFC03219A0EAF0001BD5D2 /* Frameworks */ = {
			isa = PBXFrameworksBuildPhase;
			buildActionMask = 2147483647;
			files = (
				8218E07919ABA84100A2FE9A /* SystemConfiguration.framework in Frameworks */,
				8218E07719ABA83700A2FE9A /* StoreKit.framework in Frameworks */,
				8218E07F19ABAD0600A2FE9A /* ParseFacebookUtils.framework in Frameworks */,
				8218E07519ABA83300A2FE9A /* Social.framework in Frameworks */,
				8218E07319ABA82F00A2FE9A /* Security.framework in Frameworks */,
				8218E07119ABA82A00A2FE9A /* QuartzCore.framework in Frameworks */,
				8218E06F19ABA81F00A2FE9A /* MobileCoreServices.framework in Frameworks */,
				8218E06D19ABA81900A2FE9A /* libz.dylib in Frameworks */,
				8218E06B19ABA81100A2FE9A /* CoreLocation.framework in Frameworks */,
				8218E07D19ABAB9000A2FE9A /* FacebookSDK.framework in Frameworks */,
				8218E06919ABA80700A2FE9A /* CFNetwork.framework in Frameworks */,
				8218E06719ABA80200A2FE9A /* AudioToolbox.framework in Frameworks */,
				8218E06519ABA7FC00A2FE9A /* Accounts.framework in Frameworks */,
				82AFC03B19A0EAF0001BD5D2 /* CoreGraphics.framework in Frameworks */,
				82AFC03D19A0EAF0001BD5D2 /* UIKit.framework in Frameworks */,
				82AFC03919A0EAF0001BD5D2 /* Foundation.framework in Frameworks */,
				8218E06219ABA7D400A2FE9A /* Bolts.framework in Frameworks */,
				8218E06319ABA7D400A2FE9A /* Parse.framework in Frameworks */,
			);
			runOnlyForDeploymentPostprocessing = 0;
		};
		82AFC05319A0EAF0001BD5D2 /* Frameworks */ = {
			isa = PBXFrameworksBuildPhase;
			buildActionMask = 2147483647;
			files = (
				82AFC05819A0EAF0001BD5D2 /* XCTest.framework in Frameworks */,
				82AFC05A19A0EAF0001BD5D2 /* UIKit.framework in Frameworks */,
				82AFC05919A0EAF0001BD5D2 /* Foundation.framework in Frameworks */,
			);
			runOnlyForDeploymentPostprocessing = 0;
		};
/* End PBXFrameworksBuildPhase section */

/* Begin PBXGroup section */
		82AFC02C19A0EAF0001BD5D2 = {
			isa = PBXGroup;
			children = (
				82AFC03E19A0EAF0001BD5D2 /* Stylezzz */,
				82AFC05D19A0EAF0001BD5D2 /* StylezzzTests */,
				82AFC03719A0EAF0001BD5D2 /* Frameworks */,
				82AFC03619A0EAF0001BD5D2 /* Products */,
			);
			sourceTree = "<group>";
		};
		82AFC03619A0EAF0001BD5D2 /* Products */ = {
			isa = PBXGroup;
			children = (
				82AFC03519A0EAF0001BD5D2 /* Stylezzz.app */,
				82AFC05619A0EAF0001BD5D2 /* StylezzzTests.xctest */,
			);
			name = Products;
			sourceTree = "<group>";
		};
		82AFC03719A0EAF0001BD5D2 /* Frameworks */ = {
			isa = PBXGroup;
			children = (
				8218E07E19ABAD0600A2FE9A /* ParseFacebookUtils.framework */,
				8218E07C19ABAB9000A2FE9A /* FacebookSDK.framework */,
				8218E07819ABA84100A2FE9A /* SystemConfiguration.framework */,
				8218E07619ABA83700A2FE9A /* StoreKit.framework */,
				8218E07419ABA83300A2FE9A /* Social.framework */,
				8218E07219ABA82F00A2FE9A /* Security.framework */,
				8218E07019ABA82A00A2FE9A /* QuartzCore.framework */,
				8218E06E19ABA81F00A2FE9A /* MobileCoreServices.framework */,
				8218E06C19ABA81900A2FE9A /* libz.dylib */,
				8218E06A19ABA81100A2FE9A /* CoreLocation.framework */,
				8218E06819ABA80700A2FE9A /* CFNetwork.framework */,
				8218E06619ABA80200A2FE9A /* AudioToolbox.framework */,
				8218E06419ABA7FC00A2FE9A /* Accounts.framework */,
				8218E06119ABA7D400A2FE9A /* Parse.framework */,
				8218E06019ABA7D400A2FE9A /* Bolts.framework */,
				82AFC03819A0EAF0001BD5D2 /* Foundation.framework */,
				82AFC03A19A0EAF0001BD5D2 /* CoreGraphics.framework */,
				82AFC03C19A0EAF0001BD5D2 /* UIKit.framework */,
				82AFC05719A0EAF0001BD5D2 /* XCTest.framework */,
			);
			name = Frameworks;
			sourceTree = "<group>";
		};
		82AFC03E19A0EAF0001BD5D2 /* Stylezzz */ = {
			isa = PBXGroup;
			children = (
				82AFC04719A0EAF0001BD5D2 /* AppDelegate.h */,
				82AFC04819A0EAF0001BD5D2 /* AppDelegate.m */,
				82AFC04A19A0EAF0001BD5D2 /* Main.storyboard */,
				82A997F819ABB2BB00A862D8 /* LandViewController.h */,
				82A997F919ABB2BB00A862D8 /* LandViewController.m */,
				823C4E6619B172FD00583E69 /* RateStyleViewController.h */,
				823C4E6719B172FD00583E69 /* RateStyleViewController.m */,
				82AFC04D19A0EAF0001BD5D2 /* ViewController.h */,
				8274B7DF19A12F750089261F /* samplePic.jpg */,
				82AFC04E19A0EAF0001BD5D2 /* ViewController.m */,
				82AFC05019A0EAF0001BD5D2 /* Images.xcassets */,
				822E2BBA19A50BB800656EAA /* CreateStyleViewController.h */,
				822E2BBB19A50BB800656EAA /* CreateStyleViewController.m */,
				82AFC03F19A0EAF0001BD5D2 /* Supporting Files */,
				822E2BBC19A50BB800656EAA /* PictureMatchViewController.xib */,
			);
			path = Stylezzz;
			sourceTree = "<group>";
		};
		82AFC03F19A0EAF0001BD5D2 /* Supporting Files */ = {
			isa = PBXGroup;
			children = (
				82AFC04019A0EAF0001BD5D2 /* Stylezzz-Info.plist */,
				82AFC04119A0EAF0001BD5D2 /* InfoPlist.strings */,
				82AFC04419A0EAF0001BD5D2 /* main.m */,
				82AFC04619A0EAF0001BD5D2 /* Stylezzz-Prefix.pch */,
			);
			name = "Supporting Files";
			sourceTree = "<group>";
		};
		82AFC05D19A0EAF0001BD5D2 /* StylezzzTests */ = {
			isa = PBXGroup;
			children = (
				82AFC06319A0EAF0001BD5D2 /* StylezzzTests.m */,
				82AFC05E19A0EAF0001BD5D2 /* Supporting Files */,
			);
			path = StylezzzTests;
			sourceTree = "<group>";
		};
		82AFC05E19A0EAF0001BD5D2 /* Supporting Files */ = {
			isa = PBXGroup;
			children = (
				82AFC05F19A0EAF0001BD5D2 /* StylezzzTests-Info.plist */,
				82AFC06019A0EAF0001BD5D2 /* InfoPlist.strings */,
			);
			name = "Supporting Files";
			sourceTree = "<group>";
		};
/* End PBXGroup section */

/* Begin PBXNativeTarget section */
		82AFC03419A0EAF0001BD5D2 /* Stylezzz */ = {
			isa = PBXNativeTarget;
			buildConfigurationList = 82AFC06719A0EAF0001BD5D2 /* Build configuration list for PBXNativeTarget "Stylezzz" */;
			buildPhases = (
				82AFC03119A0EAF0001BD5D2 /* Sources */,
				82AFC03219A0EAF0001BD5D2 /* Frameworks */,
				82AFC03319A0EAF0001BD5D2 /* Resources */,
			);
			buildRules = (
			);
			dependencies = (
			);
			name = Stylezzz;
			productName = Stylezzz;
			productReference = 82AFC03519A0EAF0001BD5D2 /* Stylezzz.app */;
			productType = "com.apple.product-type.application";
		};
		82AFC05519A0EAF0001BD5D2 /* StylezzzTests */ = {
			isa = PBXNativeTarget;
			buildConfigurationList = 82AFC06A19A0EAF0001BD5D2 /* Build configuration list for PBXNativeTarget "StylezzzTests" */;
			buildPhases = (
				82AFC05219A0EAF0001BD5D2 /* Sources */,
				82AFC05319A0EAF0001BD5D2 /* Frameworks */,
				82AFC05419A0EAF0001BD5D2 /* Resources */,
			);
			buildRules = (
			);
			dependencies = (
				82AFC05C19A0EAF0001BD5D2 /* PBXTargetDependency */,
			);
			name = StylezzzTests;
			productName = StylezzzTests;
			productReference = 82AFC05619A0EAF0001BD5D2 /* StylezzzTests.xctest */;
			productType = "com.apple.product-type.bundle.unit-test";
		};
/* End PBXNativeTarget section */

/* Begin PBXProject section */
		82AFC02D19A0EAF0001BD5D2 /* Project object */ = {
			isa = PBXProject;
			attributes = {
				LastUpgradeCheck = 0510;
				ORGANIZATIONNAME = "Orion Despo";
				TargetAttributes = {
					82AFC05519A0EAF0001BD5D2 = {
						TestTargetID = 82AFC03419A0EAF0001BD5D2;
					};
				};
			};
			buildConfigurationList = 82AFC03019A0EAF0001BD5D2 /* Build configuration list for PBXProject "Stylezzz" */;
			compatibilityVersion = "Xcode 3.2";
			developmentRegion = English;
			hasScannedForEncodings = 0;
			knownRegions = (
				en,
				Base,
			);
			mainGroup = 82AFC02C19A0EAF0001BD5D2;
			productRefGroup = 82AFC03619A0EAF0001BD5D2 /* Products */;
			projectDirPath = "";
			projectRoot = "";
			targets = (
				82AFC03419A0EAF0001BD5D2 /* Stylezzz */,
				82AFC05519A0EAF0001BD5D2 /* StylezzzTests */,
			);
		};
/* End PBXProject section */

/* Begin PBXResourcesBuildPhase section */
		82AFC03319A0EAF0001BD5D2 /* Resources */ = {
			isa = PBXResourcesBuildPhase;
			buildActionMask = 2147483647;
			files = (
				822E2BBE19A50BB800656EAA /* PictureMatchViewController.xib in Resources */,
				82AFC05119A0EAF0001BD5D2 /* Images.xcassets in Resources */,
				8274B7E019A12F750089261F /* samplePic.jpg in Resources */,
				82AFC04319A0EAF0001BD5D2 /* InfoPlist.strings in Resources */,
				82AFC04C19A0EAF0001BD5D2 /* Main.storyboard in Resources */,
			);
			runOnlyForDeploymentPostprocessing = 0;
		};
		82AFC05419A0EAF0001BD5D2 /* Resources */ = {
			isa = PBXResourcesBuildPhase;
			buildActionMask = 2147483647;
			files = (
				82AFC06219A0EAF0001BD5D2 /* InfoPlist.strings in Resources */,
			);
			runOnlyForDeploymentPostprocessing = 0;
		};
/* End PBXResourcesBuildPhase section */

/* Begin PBXSourcesBuildPhase section */
		82AFC03119A0EAF0001BD5D2 /* Sources */ = {
			isa = PBXSourcesBuildPhase;
			buildActionMask = 2147483647;
			files = (
				82AFC04F19A0EAF0001BD5D2 /* ViewController.m in Sources */,
				82A997FA19ABB2BB00A862D8 /* LandViewController.m in Sources */,
				823C4E6819B172FD00583E69 /* RateStyleViewController.m in Sources */,
				82AFC04919A0EAF0001BD5D2 /* AppDelegate.m in Sources */,
				82AFC04519A0EAF0001BD5D2 /* main.m in Sources */,
				822E2BBD19A50BB800656EAA /* CreateStyleViewController.m in Sources */,
			);
			runOnlyForDeploymentPostprocessing = 0;
		};
		82AFC05219A0EAF0001BD5D2 /* Sources */ = {
			isa = PBXSourcesBuildPhase;
			buildActionMask = 2147483647;
			files = (
				82AFC06419A0EAF0001BD5D2 /* StylezzzTests.m in Sources */,
			);
			runOnlyForDeploymentPostprocessing = 0;
		};
/* End PBXSourcesBuildPhase section */

/* Begin PBXTargetDependency section */
		82AFC05C19A0EAF0001BD5D2 /* PBXTargetDependency */ = {
			isa = PBXTargetDependency;
			target = 82AFC03419A0EAF0001BD5D2 /* Stylezzz */;
			targetProxy = 82AFC05B19A0EAF0001BD5D2 /* PBXContainerItemProxy */;
		};
/* End PBXTargetDependency section */

/* Begin PBXVariantGroup section */
		82AFC04119A0EAF0001BD5D2 /* InfoPlist.strings */ = {
			isa = PBXVariantGroup;
			children = (
				82AFC04219A0EAF0001BD5D2 /* en */,
			);
			name = InfoPlist.strings;
			sourceTree = "<group>";
		};
		82AFC04A19A0EAF0001BD5D2 /* Main.storyboard */ = {
			isa = PBXVariantGroup;
			children = (
				82AFC04B19A0EAF0001BD5D2 /* Base */,
			);
			name = Main.storyboard;
			sourceTree = "<group>";
		};
		82AFC06019A0EAF0001BD5D2 /* InfoPlist.strings */ = {
			isa = PBXVariantGroup;
			children = (
				82AFC06119A0EAF0001BD5D2 /* en */,
			);
			name = InfoPlist.strings;
			sourceTree = "<group>";
		};
/* End PBXVariantGroup section */

/* Begin XCBuildConfiguration section */
		82AFC06519A0EAF0001BD5D2 /* Debug */ = {
			isa = XCBuildConfiguration;
			buildSettings = {
				ALWAYS_SEARCH_USER_PATHS = NO;
				CLANG_CXX_LANGUAGE_STANDARD = "gnu++0x";
				CLANG_CXX_LIBRARY = "libc++";
				CLANG_ENABLE_MODULES = YES;
				CLANG_ENABLE_OBJC_ARC = YES;
				CLANG_WARN_BOOL_CONVERSION = YES;
				CLANG_WARN_CONSTANT_CONVERSION = YES;
				CLANG_WARN_DIRECT_OBJC_ISA_USAGE = YES_ERROR;
				CLANG_WARN_EMPTY_BODY = YES;
				CLANG_WARN_ENUM_CONVERSION = YES;
				CLANG_WARN_INT_CONVERSION = YES;
				CLANG_WARN_OBJC_ROOT_CLASS = YES_ERROR;
				CLANG_WARN__DUPLICATE_METHOD_MATCH = YES;
				"CODE_SIGN_IDENTITY[sdk=iphoneos*]" = "iPhone Developer";
				COPY_PHASE_STRIP = NO;
				GCC_C_LANGUAGE_STANDARD = gnu99;
				GCC_DYNAMIC_NO_PIC = NO;
				GCC_OPTIMIZATION_LEVEL = 0;
				GCC_PREPROCESSOR_DEFINITIONS = (
					"DEBUG=1",
					"$(inherited)",
				);
				GCC_SYMBOLS_PRIVATE_EXTERN = NO;
				GCC_WARN_64_TO_32_BIT_CONVERSION = YES;
				GCC_WARN_ABOUT_RETURN_TYPE = YES_ERROR;
				GCC_WARN_UNDECLARED_SELECTOR = YES;
				GCC_WARN_UNINITIALIZED_AUTOS = YES_AGGRESSIVE;
				GCC_WARN_UNUSED_FUNCTION = YES;
				GCC_WARN_UNUSED_VARIABLE = YES;
				IPHONEOS_DEPLOYMENT_TARGET = 7.1;
				ONLY_ACTIVE_ARCH = YES;
				SDKROOT = iphoneos;
			};
			name = Debug;
		};
		82AFC06619A0EAF0001BD5D2 /* Release */ = {
			isa = XCBuildConfiguration;
			buildSettings = {
				ALWAYS_SEARCH_USER_PATHS = NO;
				CLANG_CXX_LANGUAGE_STANDARD = "gnu++0x";
				CLANG_CXX_LIBRARY = "libc++";
				CLANG_ENABLE_MODULES = YES;
				CLANG_ENABLE_OBJC_ARC = YES;
				CLANG_WARN_BOOL_CONVERSION = YES;
				CLANG_WARN_CONSTANT_CONVERSION = YES;
				CLANG_WARN_DIRECT_OBJC_ISA_USAGE = YES_ERROR;
				CLANG_WARN_EMPTY_BODY = YES;
				CLANG_WARN_ENUM_CONVERSION = YES;
				CLANG_WARN_INT_CONVERSION = YES;
				CLANG_WARN_OBJC_ROOT_CLASS = YES_ERROR;
				CLANG_WARN__DUPLICATE_METHOD_MATCH = YES;
				"CODE_SIGN_IDENTITY[sdk=iphoneos*]" = "iPhone Developer";
				COPY_PHASE_STRIP = YES;
				ENABLE_NS_ASSERTIONS = NO;
				GCC_C_LANGUAGE_STANDARD = gnu99;
				GCC_WARN_64_TO_32_BIT_CONVERSION = YES;
				GCC_WARN_ABOUT_RETURN_TYPE = YES_ERROR;
				GCC_WARN_UNDECLARED_SELECTOR = YES;
				GCC_WARN_UNINITIALIZED_AUTOS = YES_AGGRESSIVE;
				GCC_WARN_UNUSED_FUNCTION = YES;
				GCC_WARN_UNUSED_VARIABLE = YES;
				IPHONEOS_DEPLOYMENT_TARGET = 7.1;
				SDKROOT = iphoneos;
				VALIDATE_PRODUCT = YES;
			};
			name = Release;
		};
		82AFC06819A0EAF0001BD5D2 /* Debug */ = {
			isa = XCBuildConfiguration;
			buildSettings = {
				ASSETCATALOG_COMPILER_APPICON_NAME = AppIcon;
				ASSETCATALOG_COMPILER_LAUNCHIMAGE_NAME = LaunchImage;
				FRAMEWORK_SEARCH_PATHS = (
					"$(inherited)",
					"$(PROJECT_DIR)",
					/Users/oriondespo/Documents/FacebookSDK,
				);
				GCC_PRECOMPILE_PREFIX_HEADER = YES;
				GCC_PREFIX_HEADER = "Stylezzz/Stylezzz-Prefix.pch";
				INFOPLIST_FILE = "Stylezzz/Stylezzz-Info.plist";
				PRODUCT_NAME = "$(TARGET_NAME)";
				WRAPPER_EXTENSION = app;
			};
			name = Debug;
		};
		82AFC06919A0EAF0001BD5D2 /* Release */ = {
			isa = XCBuildConfiguration;
			buildSettings = {
				ASSETCATALOG_COMPILER_APPICON_NAME = AppIcon;
				ASSETCATALOG_COMPILER_LAUNCHIMAGE_NAME = LaunchImage;
				FRAMEWORK_SEARCH_PATHS = (
					"$(inherited)",
					"$(PROJECT_DIR)",
					/Users/oriondespo/Documents/FacebookSDK,
				);
				GCC_PRECOMPILE_PREFIX_HEADER = YES;
				GCC_PREFIX_HEADER = "Stylezzz/Stylezzz-Prefix.pch";
				INFOPLIST_FILE = "Stylezzz/Stylezzz-Info.plist";
				PRODUCT_NAME = "$(TARGET_NAME)";
				WRAPPER_EXTENSION = app;
			};
			name = Release;
		};
		82AFC06B19A0EAF0001BD5D2 /* Debug */ = {
			isa = XCBuildConfiguration;
			buildSettings = {
				BUNDLE_LOADER = "$(BUILT_PRODUCTS_DIR)/Stylezzz.app/Stylezzz";
				FRAMEWORK_SEARCH_PATHS = (
					"$(SDKROOT)/Developer/Library/Frameworks",
					"$(inherited)",
					"$(DEVELOPER_FRAMEWORKS_DIR)",
				);
				GCC_PRECOMPILE_PREFIX_HEADER = YES;
				GCC_PREFIX_HEADER = "Stylezzz/Stylezzz-Prefix.pch";
				GCC_PREPROCESSOR_DEFINITIONS = (
					"DEBUG=1",
					"$(inherited)",
				);
				INFOPLIST_FILE = "StylezzzTests/StylezzzTests-Info.plist";
				PRODUCT_NAME = "$(TARGET_NAME)";
				TEST_HOST = "$(BUNDLE_LOADER)";
				WRAPPER_EXTENSION = xctest;
			};
			name = Debug;
		};
		82AFC06C19A0EAF0001BD5D2 /* Release */ = {
			isa = XCBuildConfiguration;
			buildSettings = {
				BUNDLE_LOADER = "$(BUILT_PRODUCTS_DIR)/Stylezzz.app/Stylezzz";
				FRAMEWORK_SEARCH_PATHS = (
					"$(SDKROOT)/Developer/Library/Frameworks",
					"$(inherited)",
					"$(DEVELOPER_FRAMEWORKS_DIR)",
				);
				GCC_PRECOMPILE_PREFIX_HEADER = YES;
				GCC_PREFIX_HEADER = "Stylezzz/Stylezzz-Prefix.pch";
				INFOPLIST_FILE = "StylezzzTests/StylezzzTests-Info.plist";
				PRODUCT_NAME = "$(TARGET_NAME)";
				TEST_HOST = "$(BUNDLE_LOADER)";
				WRAPPER_EXTENSION = xctest;
			};
			name = Release;
		};
/* End XCBuildConfiguration section */

/* Begin XCConfigurationList section */
		82AFC03019A0EAF0001BD5D2 /* Build configuration list for PBXProject "Stylezzz" */ = {
			isa = XCConfigurationList;
			buildConfigurations = (
				82AFC06519A0EAF0001BD5D2 /* Debug */,
				82AFC06619A0EAF0001BD5D2 /* Release */,
			);
			defaultConfigurationIsVisible = 0;
			defaultConfigurationName = Release;
		};
		82AFC06719A0EAF0001BD5D2 /* Build configuration list for PBXNativeTarget "Stylezzz" */ = {
			isa = XCConfigurationList;
			buildConfigurations = (
				82AFC06819A0EAF0001BD5D2 /* Debug */,
				82AFC06919A0EAF0001BD5D2 /* Release */,
			);
			defaultConfigurationIsVisible = 0;
			defaultConfigurationName = Release;
		};
		82AFC06A19A0EAF0001BD5D2 /* Build configuration list for PBXNativeTarget "StylezzzTests" */ = {
			isa = XCConfigurationList;
			buildConfigurations = (
				82AFC06B19A0EAF0001BD5D2 /* Debug */,
				82AFC06C19A0EAF0001BD5D2 /* Release */,
			);
			defaultConfigurationIsVisible = 0;
			defaultConfigurationName = Release;
		};
/* End XCConfigurationList section */
	};
	rootObject = 82AFC02D19A0EAF0001BD5D2 /* Project object */;
}
